
Microsoft Visual Studio Solution File, Format Version 12.00
# Visual Studio Version 17
VisualStudioVersion = 17.4.33205.214
MinimumVisualStudioVersion = 10.0.40219.1
Project("{FAE04EC0-301F-11D3-BF4B-00C04F79EFBC}") = "LMSApp", "LMSApp\LMSApp.csproj", "{689906E2-A6F6-4E60-8020-F1EBD8096D69}"
EndProject
Project("{FAE04EC0-301F-11D3-BF4B-00C04F79EFBC}") = "UserAccessApp", "UserAccessApp\UserAccessApp.csproj", "{44E02196-1846-4E15-AE76-E85C70FB58E3}"
EndProject
Global
	GlobalSection(SolutionConfigurationPlatforms) = preSolution
		Debug|Any CPU = Debug|Any CPU
		Release|Any CPU = Release|Any CPU
	EndGlobalSection
	GlobalSection(ProjectConfigurationPlatforms) = postSolution
		{689906E2-A6F6-4E60-8020-F1EBD8096D69}.Debug|Any CPU.ActiveCfg = Debug|Any CPU
		{689906E2-A6F6-4E60-8020-F1EBD8096D69}.Debug|Any CPU.Build.0 = Debug|Any CPU
		{689906E2-A6F6-4E60-8020-F1EBD8096D69}.Release|Any CPU.ActiveCfg = Release|Any CPU
		{689906E2-A6F6-4E60-8020-F1EBD8096D69}.Release|Any CPU.Build.0 = Release|Any CPU
		{44E02196-1846-4E15-AE76-E85C70FB58E3}.Debug|Any CPU.ActiveCfg = Debug|Any CPU
		{44E02196-1846-4E15-AE76-E85C70FB58E3}.Debug|Any CPU.Build.0 = Debug|Any CPU
		{44E02196-1846-4E15-AE76-E85C70FB58E3}.Release|Any CPU.ActiveCfg = Release|Any CPU
		{44E02196-1846-4E15-AE76-E85C70FB58E3}.Release|Any CPU.Build.0 = Release|Any CPU
	EndGlobalSection
	GlobalSection(SolutionProperties) = preSolution
		HideSolutionNode = FALSE
	EndGlobalSection
	GlobalSection(ExtensibilityGlobals) = postSolution
		SolutionGuid = {358F7902-CCB3-4843-BD9D-F0BF215B6FCF}
	EndGlobalSection
EndGlobal
